{
  "nodes": {
    "emacs-ci": {
      "inputs": {
        "flake-utils": [
          "flake-utils"
        ],
        "nixpkgs": [
          "nixpkgs"
        ],
        "pre-commit-hooks": "pre-commit-hooks"
      },
      "locked": {
        "lastModified": 1632624918,
        "narHash": "sha256-rRNfkvs8IsT14IHDEKLvKwScEgr7nGTxkWl4b6arBEE=",
        "owner": "akirak",
        "repo": "nix-emacs-ci",
        "rev": "6c0498e8b656c350418a77168d7b1652aecde390",
        "type": "github"
      },
      "original": {
        "owner": "akirak",
        "ref": "add-flake",
        "repo": "nix-emacs-ci",
        "type": "github"
      }
    },
    "emacs-overlay": {
      "locked": {
        "lastModified": 1634208028,
        "narHash": "sha256-8jRp2aar+IFIAlPJrbCZWgfNysw2LyOqQ/uQWvsJ/5I=",
        "owner": "nix-community",
        "repo": "emacs-overlay",
        "rev": "c4cf7abf9adb68a6513f98e35f98795dc5bb8bc4",
        "type": "github"
      },
      "original": {
        "owner": "nix-community",
        "repo": "emacs-overlay",
        "type": "github"
      }
    },
    "flake-utils": {
      "locked": {
        "lastModified": 1631561581,
        "narHash": "sha256-3VQMV5zvxaVLvqqUrNz3iJelLw30mIVSfZmAaauM3dA=",
        "owner": "numtide",
        "repo": "flake-utils",
        "rev": "7e5bf3925f6fbdfaf50a2a7ca0be2879c4261d19",
        "type": "github"
      },
      "original": {
        "owner": "numtide",
        "repo": "flake-utils",
        "type": "github"
      }
    },
    "gitignore": {
      "inputs": {
        "nixpkgs": [
          "nixpkgs"
        ]
      },
      "locked": {
        "lastModified": 1634151530,
        "narHash": "sha256-l1wnu/jSxhj6+MGurKupKkWZh3Om/6FuYc/FdSlkyRI=",
        "owner": "hercules-ci",
        "repo": "gitignore.nix",
        "rev": "9e80c4d83026fa6548bc53b1a6fab8549a6991f6",
        "type": "github"
      },
      "original": {
        "owner": "hercules-ci",
        "repo": "gitignore.nix",
        "type": "github"
      }
    },
    "nixpkgs": {
      "locked": {
        "lastModified": 1634233388,
        "narHash": "sha256-WMmgExMQ81nZ3FWbw2v2upuZRPW0OeT7cHiNAzhGWmA=",
        "owner": "NixOS",
        "repo": "nixpkgs",
        "rev": "f2545a5da68c7cfb73116af39e02cba900ef5e9b",
        "type": "github"
      },
      "original": {
        "id": "nixpkgs",
        "type": "indirect"
      }
    },
    "pre-commit-hooks": {
      "inputs": {
        "flake-utils": [
          "emacs-ci",
          "flake-utils"
        ],
        "nixpkgs": [
          "emacs-ci",
          "nixpkgs"
        ]
      },
      "locked": {
        "lastModified": 1631170176,
        "narHash": "sha256-RLN/kur2Kpxt0cJp0Fms8ixuGpT8IHX0OpeQ8u8f0X4=",
        "owner": "cachix",
        "repo": "pre-commit-hooks.nix",
        "rev": "3ed0e618cebc1ff291c27b749cf7568959cac028",
        "type": "github"
      },
      "original": {
        "owner": "cachix",
        "repo": "pre-commit-hooks.nix",
        "type": "github"
      }
    },
    "pre-commit-hooks_2": {
      "inputs": {
        "flake-utils": [
          "flake-utils"
        ],
        "nixpkgs": [
          "nixpkgs"
        ]
      },
      "locked": {
        "lastModified": 1633788342,
        "narHash": "sha256-wx+aRtR5FwbMOV/0N3PSC4au92aXl6tfwHOk4xgYXRQ=",
        "owner": "cachix",
        "repo": "pre-commit-hooks.nix",
        "rev": "475b1f7f7ddcb6415e6624a68c4fe90f55ee9e73",
        "type": "github"
      },
      "original": {
        "owner": "cachix",
        "repo": "pre-commit-hooks.nix",
        "type": "github"
      }
    },
    "root": {
      "inputs": {
        "emacs-ci": "emacs-ci",
        "emacs-overlay": "emacs-overlay",
        "flake-utils": "flake-utils",
        "gitignore": "gitignore",
        "nixpkgs": "nixpkgs",
        "pre-commit-hooks": "pre-commit-hooks_2"
      }
    }
  },
  "root": "root",
  "version": 7
}
