{
  "nodes": {
    "emacs-ci": {
      "inputs": {
        "flake-utils": [
          "flake-utils"
        ],
        "nixpkgs": [
          "nixpkgs"
        ],
        "pre-commit-hooks": "pre-commit-hooks"
      },
      "locked": {
        "lastModified": 1634360549,
        "narHash": "sha256-btpiS0u4+C4utuSWEuUlzOLSWOjAgljNpCkRI+GAozI=",
        "owner": "akirak",
        "repo": "nix-emacs-ci",
        "rev": "a15e5acfe26aa22eeb7dd15c5aedef5de0625dfd",
        "type": "github"
      },
      "original": {
        "owner": "akirak",
        "ref": "add-flake",
        "repo": "nix-emacs-ci",
        "type": "github"
      }
    },
    "emacs-overlay": {
      "locked": {
        "lastModified": 1636389487,
        "narHash": "sha256-Qz8f8zCqQAfja/GlN3EbDns4DVwUG/LuuuKoKUy4pDU=",
        "owner": "nix-community",
        "repo": "emacs-overlay",
        "rev": "3819c4478b64c73e024503f845d50fbf2cf73edc",
        "type": "github"
      },
      "original": {
        "owner": "nix-community",
        "repo": "emacs-overlay",
        "type": "github"
      }
    },
    "flake-utils": {
      "locked": {
        "lastModified": 1634851050,
        "narHash": "sha256-N83GlSGPJJdcqhUxSCS/WwW5pksYf3VP1M13cDRTSVA=",
        "owner": "numtide",
        "repo": "flake-utils",
        "rev": "c91f3de5adaf1de973b797ef7485e441a65b8935",
        "type": "github"
      },
      "original": {
        "owner": "numtide",
        "repo": "flake-utils",
        "type": "github"
      }
    },
    "gitignore": {
      "inputs": {
        "nixpkgs": [
          "nixpkgs"
        ]
      },
      "locked": {
        "lastModified": 1635165013,
        "narHash": "sha256-o/BdVjNwcB6jOmzZjOH703BesSkkS5O7ej3xhyO8hAY=",
        "owner": "hercules-ci",
        "repo": "gitignore.nix",
        "rev": "5b9e0ff9d3b551234b4f3eb3983744fa354b17f1",
        "type": "github"
      },
      "original": {
        "owner": "hercules-ci",
        "repo": "gitignore.nix",
        "type": "github"
      }
    },
    "nixpkgs": {
      "locked": {
        "lastModified": 1636433236,
        "narHash": "sha256-+QN+Jrpery1+qfx5NZzWRrC05EnhUNDLnX3MgiLqk0A=",
        "owner": "NixOS",
        "repo": "nixpkgs",
        "rev": "5a2b94f940124fee03721b707485b55858b2bac9",
        "type": "github"
      },
      "original": {
        "id": "nixpkgs",
        "type": "indirect"
      }
    },
    "pre-commit-hooks": {
      "inputs": {
        "flake-utils": [
          "emacs-ci",
          "flake-utils"
        ],
        "nixpkgs": [
          "emacs-ci",
          "nixpkgs"
        ]
      },
      "locked": {
        "lastModified": 1631170176,
        "narHash": "sha256-RLN/kur2Kpxt0cJp0Fms8ixuGpT8IHX0OpeQ8u8f0X4=",
        "owner": "cachix",
        "repo": "pre-commit-hooks.nix",
        "rev": "3ed0e618cebc1ff291c27b749cf7568959cac028",
        "type": "github"
      },
      "original": {
        "owner": "cachix",
        "repo": "pre-commit-hooks.nix",
        "type": "github"
      }
    },
    "pre-commit-hooks_2": {
      "inputs": {
        "flake-utils": [
          "flake-utils"
        ],
        "nixpkgs": [
          "nixpkgs"
        ]
      },
      "locked": {
        "lastModified": 1634595438,
        "narHash": "sha256-hV9D41fqTateTligwNd9dmJKQ0R0w6RpCN92xR3LhHk=",
        "owner": "cachix",
        "repo": "pre-commit-hooks.nix",
        "rev": "06fa80325b6fe3b28d136071dd0ce55d4817e9fd",
        "type": "github"
      },
      "original": {
        "owner": "cachix",
        "repo": "pre-commit-hooks.nix",
        "type": "github"
      }
    },
    "root": {
      "inputs": {
        "emacs-ci": "emacs-ci",
        "emacs-overlay": "emacs-overlay",
        "flake-utils": "flake-utils",
        "gitignore": "gitignore",
        "nixpkgs": "nixpkgs",
        "pre-commit-hooks": "pre-commit-hooks_2"
      }
    }
  },
  "root": "root",
  "version": 7
}
